// !$*UTF8*$!
{
	archiveVersion = 1;
	classes = {
	};
	objectVersion = 46;
	objects = {

/* Begin PBXBuildFile section */
		635046B8BB504D51E5394492 /* Pods_Swift_Taida.framework in Frameworks */ = {isa = PBXBuildFile; fileRef = ADA69C80DD45151D643CB293 /* Pods_Swift_Taida.framework */; };
		9A0701A21EA5F6FC000375A9 /* Dog.xcdatamodeld in Sources */ = {isa = PBXBuildFile; fileRef = 9A0701A01EA5F6FC000375A9 /* Dog.xcdatamodeld */; };
		9A0701A81EA5FBAD000375A9 /* CoreDataManger.swift in Sources */ = {isa = PBXBuildFile; fileRef = 9A0701A71EA5FBAD000375A9 /* CoreDataManger.swift */; };
		9A0701AA1EA5FC23000375A9 /* CoreDataHelp.swift in Sources */ = {isa = PBXBuildFile; fileRef = 9A0701A91EA5FC22000375A9 /* CoreDataHelp.swift */; };
		9A0BCA3E1EB1D27200ACECC7 /* MatchModel.swift in Sources */ = {isa = PBXBuildFile; fileRef = 9A0BCA3D1EB1D27200ACECC7 /* MatchModel.swift */; };
		9A10F8511E9B2D5A00F69777 /* LoginView.swift in Sources */ = {isa = PBXBuildFile; fileRef = 9A10F8501E9B2D5A00F69777 /* LoginView.swift */; };
		9A10F8531E9B651400F69777 /* AnimationView.swift in Sources */ = {isa = PBXBuildFile; fileRef = 9A10F8521E9B651400F69777 /* AnimationView.swift */; };
		9A10F8551E9B74BD00F69777 /* DetailViewController.swift in Sources */ = {isa = PBXBuildFile; fileRef = 9A10F8541E9B74BD00F69777 /* DetailViewController.swift */; };
		9A162EE71EAF44A9002FE2DA /* SwipViewController.swift in Sources */ = {isa = PBXBuildFile; fileRef = 9A162EE61EAF44A9002FE2DA /* SwipViewController.swift */; };
		9A17243C1E1264D000B3766E /* MyNavViewController.swift in Sources */ = {isa = PBXBuildFile; fileRef = 9A17243B1E1264D000B3766E /* MyNavViewController.swift */; };
		9A1724401E1275B200B3766E /* BaseModel.swift in Sources */ = {isa = PBXBuildFile; fileRef = 9A17243F1E1275B200B3766E /* BaseModel.swift */; };
		9A1724421E12790700B3766E /* HomeModel.swift in Sources */ = {isa = PBXBuildFile; fileRef = 9A1724411E12790700B3766E /* HomeModel.swift */; };
		9A21C3111E939E8B00C4C3E6 /* InfoMationViewController.swift in Sources */ = {isa = PBXBuildFile; fileRef = 9A21C3101E939E8B00C4C3E6 /* InfoMationViewController.swift */; };
		9A21C3131E939F4700C4C3E6 /* BaseTabBarController.swift in Sources */ = {isa = PBXBuildFile; fileRef = 9A21C3121E939F4700C4C3E6 /* BaseTabBarController.swift */; };
		9A21C3151E93A28500C4C3E6 /* MyCustomScrollerView.swift in Sources */ = {isa = PBXBuildFile; fileRef = 9A21C3141E93A28500C4C3E6 /* MyCustomScrollerView.swift */; };
		9A21C3191E93B2DD00C4C3E6 /* BaseTableViewCell.swift in Sources */ = {isa = PBXBuildFile; fileRef = 9A21C3181E93B2DD00C4C3E6 /* BaseTableViewCell.swift */; };
		9A21C31B1E93BACA00C4C3E6 /* Assets.xcassets in Resources */ = {isa = PBXBuildFile; fileRef = 9A21C31A1E93BACA00C4C3E6 /* Assets.xcassets */; };
		9A4CF57E1EB0333D00ECBDFE /* SideViewController.swift in Sources */ = {isa = PBXBuildFile; fileRef = 9A4CF57D1EB0333D00ECBDFE /* SideViewController.swift */; };
		9A4CF5801EB04AF300ECBDFE /* MatchHeaderView.swift in Sources */ = {isa = PBXBuildFile; fileRef = 9A4CF57F1EB04AF300ECBDFE /* MatchHeaderView.swift */; };
		9A86649E1EA8A4D800D618BB /* BaseTableViewController.swift in Sources */ = {isa = PBXBuildFile; fileRef = 9A86649D1EA8A4D800D618BB /* BaseTableViewController.swift */; };
		9A8664A01EA8B89100D618BB /* MyRefreshView.swift in Sources */ = {isa = PBXBuildFile; fileRef = 9A86649F1EA8B89100D618BB /* MyRefreshView.swift */; };
		9AAC36F51E9770BF00867F2A /* LeftViewController.swift in Sources */ = {isa = PBXBuildFile; fileRef = 9AAC36F41E9770BF00867F2A /* LeftViewController.swift */; };
		9AAC36F71E9770CD00867F2A /* CenterViewController.swift in Sources */ = {isa = PBXBuildFile; fileRef = 9AAC36F61E9770CD00867F2A /* CenterViewController.swift */; };
		9AAC36F91E9770D800867F2A /* RightViewController.swift in Sources */ = {isa = PBXBuildFile; fileRef = 9AAC36F81E9770D800867F2A /* RightViewController.swift */; };
		9AB785491E10F44400623CDA /* URLManger.swift in Sources */ = {isa = PBXBuildFile; fileRef = 9AB785481E10F44400623CDA /* URLManger.swift */; };
		9AB7854C1E10F7B700623CDA /* HomeApi.swift in Sources */ = {isa = PBXBuildFile; fileRef = 9AB7854B1E10F7B700623CDA /* HomeApi.swift */; };
		9AB7854F1E1100B000623CDA /* BaseViewController.swift in Sources */ = {isa = PBXBuildFile; fileRef = 9AB7854E1E1100B000623CDA /* BaseViewController.swift */; };
		9AB785521E1102C400623CDA /* HomeViewController.swift in Sources */ = {isa = PBXBuildFile; fileRef = 9AB785511E1102C400623CDA /* HomeViewController.swift */; };
		9AB785541E1102D400623CDA /* SessionViewController.swift in Sources */ = {isa = PBXBuildFile; fileRef = 9AB785531E1102D400623CDA /* SessionViewController.swift */; };
		9AFF517E1E0BB59100D6D285 /* AppDelegate.swift in Sources */ = {isa = PBXBuildFile; fileRef = 9AFF517D1E0BB59100D6D285 /* AppDelegate.swift */; };
		9AFF51831E0BB59100D6D285 /* Main.storyboard in Resources */ = {isa = PBXBuildFile; fileRef = 9AFF51811E0BB59100D6D285 /* Main.storyboard */; };
		9AFF51881E0BB59100D6D285 /* LaunchScreen.storyboard in Resources */ = {isa = PBXBuildFile; fileRef = 9AFF51861E0BB59100D6D285 /* LaunchScreen.storyboard */; };
/* End PBXBuildFile section */

/* Begin PBXFileReference section */
		051D0C976110CDEFF8FAA436 /* Pods-Swift-Taida.release.xcconfig */ = {isa = PBXFileReference; includeInIndex = 1; lastKnownFileType = text.xcconfig; name = "Pods-Swift-Taida.release.xcconfig"; path = "Pods/Target Support Files/Pods-Swift-Taida/Pods-Swift-Taida.release.xcconfig"; sourceTree = "<group>"; };
		6FC2CB830AAC72CE31184294 /* Pods-Swift-Taida.debug.xcconfig */ = {isa = PBXFileReference; includeInIndex = 1; lastKnownFileType = text.xcconfig; name = "Pods-Swift-Taida.debug.xcconfig"; path = "Pods/Target Support Files/Pods-Swift-Taida/Pods-Swift-Taida.debug.xcconfig"; sourceTree = "<group>"; };
		9A0701A11EA5F6FC000375A9 /* Dog.xcdatamodel */ = {isa = PBXFileReference; lastKnownFileType = wrapper.xcdatamodel; path = Dog.xcdatamodel; sourceTree = "<group>"; };
		9A0701A71EA5FBAD000375A9 /* CoreDataManger.swift */ = {isa = PBXFileReference; fileEncoding = 4; lastKnownFileType = sourcecode.swift; path = CoreDataManger.swift; sourceTree = "<group>"; };
		9A0701A91EA5FC22000375A9 /* CoreDataHelp.swift */ = {isa = PBXFileReference; fileEncoding = 4; lastKnownFileType = sourcecode.swift; path = CoreDataHelp.swift; sourceTree = "<group>"; };
		9A0BCA3D1EB1D27200ACECC7 /* MatchModel.swift */ = {isa = PBXFileReference; fileEncoding = 4; lastKnownFileType = sourcecode.swift; path = MatchModel.swift; sourceTree = "<group>"; };
		9A10F8501E9B2D5A00F69777 /* LoginView.swift */ = {isa = PBXFileReference; fileEncoding = 4; lastKnownFileType = sourcecode.swift; path = LoginView.swift; sourceTree = "<group>"; };
		9A10F8521E9B651400F69777 /* AnimationView.swift */ = {isa = PBXFileReference; fileEncoding = 4; lastKnownFileType = sourcecode.swift; path = AnimationView.swift; sourceTree = "<group>"; };
		9A10F8541E9B74BD00F69777 /* DetailViewController.swift */ = {isa = PBXFileReference; fileEncoding = 4; lastKnownFileType = sourcecode.swift; path = DetailViewController.swift; sourceTree = "<group>"; };
		9A162EE61EAF44A9002FE2DA /* SwipViewController.swift */ = {isa = PBXFileReference; fileEncoding = 4; lastKnownFileType = sourcecode.swift; path = SwipViewController.swift; sourceTree = "<group>"; };
		9A17243B1E1264D000B3766E /* MyNavViewController.swift */ = {isa = PBXFileReference; fileEncoding = 4; lastKnownFileType = sourcecode.swift; path = MyNavViewController.swift; sourceTree = "<group>"; };
		9A17243F1E1275B200B3766E /* BaseModel.swift */ = {isa = PBXFileReference; fileEncoding = 4; lastKnownFileType = sourcecode.swift; path = BaseModel.swift; sourceTree = "<group>"; };
		9A1724411E12790700B3766E /* HomeModel.swift */ = {isa = PBXFileReference; fileEncoding = 4; lastKnownFileType = sourcecode.swift; path = HomeModel.swift; sourceTree = "<group>"; };
		9A21C3101E939E8B00C4C3E6 /* InfoMationViewController.swift */ = {isa = PBXFileReference; fileEncoding = 4; lastKnownFileType = sourcecode.swift; path = InfoMationViewController.swift; sourceTree = "<group>"; };
		9A21C3121E939F4700C4C3E6 /* BaseTabBarController.swift */ = {isa = PBXFileReference; fileEncoding = 4; lastKnownFileType = sourcecode.swift; path = BaseTabBarController.swift; sourceTree = "<group>"; };
		9A21C3141E93A28500C4C3E6 /* MyCustomScrollerView.swift */ = {isa = PBXFileReference; fileEncoding = 4; lastKnownFileType = sourcecode.swift; path = MyCustomScrollerView.swift; sourceTree = "<group>"; };
		9A21C3181E93B2DD00C4C3E6 /* BaseTableViewCell.swift */ = {isa = PBXFileReference; fileEncoding = 4; lastKnownFileType = sourcecode.swift; path = BaseTableViewCell.swift; sourceTree = "<group>"; };
		9A21C31A1E93BACA00C4C3E6 /* Assets.xcassets */ = {isa = PBXFileReference; lastKnownFileType = folder.assetcatalog; path = Assets.xcassets; sourceTree = "<group>"; };
		9A4CF57D1EB0333D00ECBDFE /* SideViewController.swift */ = {isa = PBXFileReference; fileEncoding = 4; lastKnownFileType = sourcecode.swift; path = SideViewController.swift; sourceTree = "<group>"; };
		9A4CF57F1EB04AF300ECBDFE /* MatchHeaderView.swift */ = {isa = PBXFileReference; fileEncoding = 4; lastKnownFileType = sourcecode.swift; path = MatchHeaderView.swift; sourceTree = "<group>"; };
		9A86649D1EA8A4D800D618BB /* BaseTableViewController.swift */ = {isa = PBXFileReference; fileEncoding = 4; lastKnownFileType = sourcecode.swift; path = BaseTableViewController.swift; sourceTree = "<group>"; };
		9A86649F1EA8B89100D618BB /* MyRefreshView.swift */ = {isa = PBXFileReference; fileEncoding = 4; lastKnownFileType = sourcecode.swift; path = MyRefreshView.swift; sourceTree = "<group>"; };
		9AAC36F41E9770BF00867F2A /* LeftViewController.swift */ = {isa = PBXFileReference; fileEncoding = 4; lastKnownFileType = sourcecode.swift; path = LeftViewController.swift; sourceTree = "<group>"; };
		9AAC36F61E9770CD00867F2A /* CenterViewController.swift */ = {isa = PBXFileReference; fileEncoding = 4; lastKnownFileType = sourcecode.swift; path = CenterViewController.swift; sourceTree = "<group>"; };
		9AAC36F81E9770D800867F2A /* RightViewController.swift */ = {isa = PBXFileReference; fileEncoding = 4; lastKnownFileType = sourcecode.swift; path = RightViewController.swift; sourceTree = "<group>"; };
		9AB785481E10F44400623CDA /* URLManger.swift */ = {isa = PBXFileReference; fileEncoding = 4; lastKnownFileType = sourcecode.swift; path = URLManger.swift; sourceTree = "<group>"; };
		9AB7854A1E10F70A00623CDA /* PrefixHeader.pch */ = {isa = PBXFileReference; lastKnownFileType = sourcecode.c.h; path = PrefixHeader.pch; sourceTree = "<group>"; };
		9AB7854B1E10F7B700623CDA /* HomeApi.swift */ = {isa = PBXFileReference; fileEncoding = 4; lastKnownFileType = sourcecode.swift; path = HomeApi.swift; sourceTree = "<group>"; };
		9AB7854E1E1100B000623CDA /* BaseViewController.swift */ = {isa = PBXFileReference; fileEncoding = 4; lastKnownFileType = sourcecode.swift; path = BaseViewController.swift; sourceTree = "<group>"; };
		9AB785511E1102C400623CDA /* HomeViewController.swift */ = {isa = PBXFileReference; fileEncoding = 4; lastKnownFileType = sourcecode.swift; path = HomeViewController.swift; sourceTree = "<group>"; };
		9AB785531E1102D400623CDA /* SessionViewController.swift */ = {isa = PBXFileReference; fileEncoding = 4; lastKnownFileType = sourcecode.swift; path = SessionViewController.swift; sourceTree = "<group>"; };
		9AFF517A1E0BB59100D6D285 /* Swift-Taida.app */ = {isa = PBXFileReference; explicitFileType = wrapper.application; includeInIndex = 0; path = "Swift-Taida.app"; sourceTree = BUILT_PRODUCTS_DIR; };
		9AFF517D1E0BB59100D6D285 /* AppDelegate.swift */ = {isa = PBXFileReference; lastKnownFileType = sourcecode.swift; path = AppDelegate.swift; sourceTree = "<group>"; };
		9AFF51821E0BB59100D6D285 /* Base */ = {isa = PBXFileReference; lastKnownFileType = file.storyboard; name = Base; path = Base.lproj/Main.storyboard; sourceTree = "<group>"; };
		9AFF51871E0BB59100D6D285 /* Base */ = {isa = PBXFileReference; lastKnownFileType = file.storyboard; name = Base; path = Base.lproj/LaunchScreen.storyboard; sourceTree = "<group>"; };
		9AFF51891E0BB59100D6D285 /* Info.plist */ = {isa = PBXFileReference; lastKnownFileType = text.plist.xml; path = Info.plist; sourceTree = "<group>"; };
		ADA69C80DD45151D643CB293 /* Pods_Swift_Taida.framework */ = {isa = PBXFileReference; explicitFileType = wrapper.framework; includeInIndex = 0; path = Pods_Swift_Taida.framework; sourceTree = BUILT_PRODUCTS_DIR; };
/* End PBXFileReference section */

/* Begin PBXFrameworksBuildPhase section */
		9AFF51771E0BB59100D6D285 /* Frameworks */ = {
			isa = PBXFrameworksBuildPhase;
			buildActionMask = 2147483647;
			files = (
				635046B8BB504D51E5394492 /* Pods_Swift_Taida.framework in Frameworks */,
			);
			runOnlyForDeploymentPostprocessing = 0;
		};
/* End PBXFrameworksBuildPhase section */

/* Begin PBXGroup section */
		668B5E368D37A33D3406A04E /* Pods */ = {
			isa = PBXGroup;
			children = (
				6FC2CB830AAC72CE31184294 /* Pods-Swift-Taida.debug.xcconfig */,
				051D0C976110CDEFF8FAA436 /* Pods-Swift-Taida.release.xcconfig */,
			);
			name = Pods;
			sourceTree = "<group>";
		};
		8BA00F15C251B34ED9ECFAFB /* Frameworks */ = {
			isa = PBXGroup;
			children = (
				ADA69C80DD45151D643CB293 /* Pods_Swift_Taida.framework */,
			);
			name = Frameworks;
			sourceTree = "<group>";
		};
		9A552CBC1E2DF59C0011570A /* UIView */ = {
			isa = PBXGroup;
			children = (
				9A21C3141E93A28500C4C3E6 /* MyCustomScrollerView.swift */,
				9A21C3181E93B2DD00C4C3E6 /* BaseTableViewCell.swift */,
				9A10F8501E9B2D5A00F69777 /* LoginView.swift */,
				9A10F8521E9B651400F69777 /* AnimationView.swift */,
				9A86649F1EA8B89100D618BB /* MyRefreshView.swift */,
				9A4CF57F1EB04AF300ECBDFE /* MatchHeaderView.swift */,
			);
			path = UIView;
			sourceTree = "<group>";
		};
		9AAC36F31E9770A600867F2A /* ChildrenViewControllers */ = {
			isa = PBXGroup;
			children = (
				9AAC36F41E9770BF00867F2A /* LeftViewController.swift */,
				9AAC36F61E9770CD00867F2A /* CenterViewController.swift */,
				9AAC36F81E9770D800867F2A /* RightViewController.swift */,
				9A10F8541E9B74BD00F69777 /* DetailViewController.swift */,
			);
			path = ChildrenViewControllers;
			sourceTree = "<group>";
		};
		9AB785471E10F3C800623CDA /* NetWork */ = {
			isa = PBXGroup;
			children = (
				9AB785481E10F44400623CDA /* URLManger.swift */,
				9AB7854B1E10F7B700623CDA /* HomeApi.swift */,
				9A17243F1E1275B200B3766E /* BaseModel.swift */,
				9A1724411E12790700B3766E /* HomeModel.swift */,
				9A0BCA3D1EB1D27200ACECC7 /* MatchModel.swift */,
				9A0701A91EA5FC22000375A9 /* CoreDataHelp.swift */,
			);
			path = NetWork;
			sourceTree = "<group>";
		};
		9AB7854D1E11008F00623CDA /* Class */ = {
			isa = PBXGroup;
			children = (
				9AAC36F31E9770A600867F2A /* ChildrenViewControllers */,
				9AB785501E11028000623CDA /* ViewControllers */,
				9AB7854E1E1100B000623CDA /* BaseViewController.swift */,
				9A17243B1E1264D000B3766E /* MyNavViewController.swift */,
				9A21C3121E939F4700C4C3E6 /* BaseTabBarController.swift */,
				9A86649D1EA8A4D800D618BB /* BaseTableViewController.swift */,
				9A162EE61EAF44A9002FE2DA /* SwipViewController.swift */,
				9A4CF57D1EB0333D00ECBDFE /* SideViewController.swift */,
			);
			path = Class;
			sourceTree = "<group>";
		};
		9AB785501E11028000623CDA /* ViewControllers */ = {
			isa = PBXGroup;
			children = (
				9AB785511E1102C400623CDA /* HomeViewController.swift */,
				9AB785531E1102D400623CDA /* SessionViewController.swift */,
				9A21C3101E939E8B00C4C3E6 /* InfoMationViewController.swift */,
			);
			path = ViewControllers;
			sourceTree = "<group>";
		};
		9AFF51711E0BB59100D6D285 = {
			isa = PBXGroup;
			children = (
				9AFF517C1E0BB59100D6D285 /* Swift-Taida */,
				9AFF517B1E0BB59100D6D285 /* Products */,
				668B5E368D37A33D3406A04E /* Pods */,
				8BA00F15C251B34ED9ECFAFB /* Frameworks */,
			);
			sourceTree = "<group>";
		};
		9AFF517B1E0BB59100D6D285 /* Products */ = {
			isa = PBXGroup;
			children = (
				9AFF517A1E0BB59100D6D285 /* Swift-Taida.app */,
			);
			name = Products;
			sourceTree = "<group>";
		};
		9AFF517C1E0BB59100D6D285 /* Swift-Taida */ = {
			isa = PBXGroup;
			children = (
				9AFF517D1E0BB59100D6D285 /* AppDelegate.swift */,
				9A552CBC1E2DF59C0011570A /* UIView */,
				9AB7854D1E11008F00623CDA /* Class */,
				9AB785471E10F3C800623CDA /* NetWork */,
				9AFF51811E0BB59100D6D285 /* Main.storyboard */,
				9AFF51861E0BB59100D6D285 /* LaunchScreen.storyboard */,
				9AFF51891E0BB59100D6D285 /* Info.plist */,
				9A0701A01EA5F6FC000375A9 /* Dog.xcdatamodeld */,
				9A0701A71EA5FBAD000375A9 /* CoreDataManger.swift */,
				9AB7854A1E10F70A00623CDA /* PrefixHeader.pch */,
				9A21C31A1E93BACA00C4C3E6 /* Assets.xcassets */,
			);
			path = "Swift-Taida";
			sourceTree = "<group>";
		};
/* End PBXGroup section */

/* Begin PBXNativeTarget section */
		9AFF51791E0BB59100D6D285 /* Swift-Taida */ = {
			isa = PBXNativeTarget;
			buildConfigurationList = 9AFF518C1E0BB59100D6D285 /* Build configuration list for PBXNativeTarget "Swift-Taida" */;
			buildPhases = (
				2ADD96DBC1FD21F0FD5E4854 /* [CP] Check Pods Manifest.lock */,
				9AFF51761E0BB59100D6D285 /* Sources */,
				9AFF51771E0BB59100D6D285 /* Frameworks */,
				9AFF51781E0BB59100D6D285 /* Resources */,
				5B402DD0DA6E129295CDE083 /* [CP] Embed Pods Frameworks */,
				91533B657DD6522226321067 /* [CP] Copy Pods Resources */,
			);
			buildRules = (
			);
			dependencies = (
			);
			name = "Swift-Taida";
			productName = "Swift-Taida";
			productReference = 9AFF517A1E0BB59100D6D285 /* Swift-Taida.app */;
			productType = "com.apple.product-type.application";
		};
/* End PBXNativeTarget section */

/* Begin PBXProject section */
		9AFF51721E0BB59100D6D285 /* Project object */ = {
			isa = PBXProject;
			attributes = {
				LastSwiftUpdateCheck = 0810;
				LastUpgradeCheck = 0810;
				ORGANIZATIONNAME = "许菠菠";
				TargetAttributes = {
					9AFF51791E0BB59100D6D285 = {
						CreatedOnToolsVersion = 8.1;
						DevelopmentTeam = KDWLXRW984;
						ProvisioningStyle = Automatic;
					};
				};
			};
			buildConfigurationList = 9AFF51751E0BB59100D6D285 /* Build configuration list for PBXProject "Swift-Taida" */;
			compatibilityVersion = "Xcode 3.2";
			developmentRegion = English;
			hasScannedForEncodings = 0;
			knownRegions = (
				en,
				Base,
			);
			mainGroup = 9AFF51711E0BB59100D6D285;
			productRefGroup = 9AFF517B1E0BB59100D6D285 /* Products */;
			projectDirPath = "";
			projectRoot = "";
			targets = (
				9AFF51791E0BB59100D6D285 /* Swift-Taida */,
			);
		};
/* End PBXProject section */

/* Begin PBXResourcesBuildPhase section */
		9AFF51781E0BB59100D6D285 /* Resources */ = {
			isa = PBXResourcesBuildPhase;
			buildActionMask = 2147483647;
			files = (
				9AFF51881E0BB59100D6D285 /* LaunchScreen.storyboard in Resources */,
				9A21C31B1E93BACA00C4C3E6 /* Assets.xcassets in Resources */,
				9AFF51831E0BB59100D6D285 /* Main.storyboard in Resources */,
			);
			runOnlyForDeploymentPostprocessing = 0;
		};
/* End PBXResourcesBuildPhase section */

/* Begin PBXShellScriptBuildPhase section */
		2ADD96DBC1FD21F0FD5E4854 /* [CP] Check Pods Manifest.lock */ = {
			isa = PBXShellScriptBuildPhase;
			buildActionMask = 2147483647;
			files = (
			);
			inputPaths = (
			);
			name = "[CP] Check Pods Manifest.lock";
			outputPaths = (
			);
			runOnlyForDeploymentPostprocessing = 0;
			shellPath = /bin/sh;
			shellScript = "diff \"${PODS_ROOT}/../Podfile.lock\" \"${PODS_ROOT}/Manifest.lock\" > /dev/null\nif [ $? != 0 ] ; then\n    # print error to STDERR\n    echo \"error: The sandbox is not in sync with the Podfile.lock. Run 'pod install' or update your CocoaPods installation.\" >&2\n    exit 1\nfi\n";
			showEnvVarsInLog = 0;
		};
		5B402DD0DA6E129295CDE083 /* [CP] Embed Pods Frameworks */ = {
			isa = PBXShellScriptBuildPhase;
			buildActionMask = 2147483647;
			files = (
			);
			inputPaths = (
			);
			name = "[CP] Embed Pods Frameworks";
			outputPaths = (
			);
			runOnlyForDeploymentPostprocessing = 0;
			shellPath = /bin/sh;
			shellScript = "\"${SRCROOT}/Pods/Target Support Files/Pods-Swift-Taida/Pods-Swift-Taida-frameworks.sh\"\n";
			showEnvVarsInLog = 0;
		};
		91533B657DD6522226321067 /* [CP] Copy Pods Resources */ = {
			isa = PBXShellScriptBuildPhase;
			buildActionMask = 2147483647;
			files = (
			);
			inputPaths = (
			);
			name = "[CP] Copy Pods Resources";
			outputPaths = (
			);
			runOnlyForDeploymentPostprocessing = 0;
			shellPath = /bin/sh;
			shellScript = "\"${SRCROOT}/Pods/Target Support Files/Pods-Swift-Taida/Pods-Swift-Taida-resources.sh\"\n";
			showEnvVarsInLog = 0;
		};
/* End PBXShellScriptBuildPhase section */

/* Begin PBXSourcesBuildPhase section */
		9AFF51761E0BB59100D6D285 /* Sources */ = {
			isa = PBXSourcesBuildPhase;
			buildActionMask = 2147483647;
			files = (
				9A0701A81EA5FBAD000375A9 /* CoreDataManger.swift in Sources */,
				9A0BCA3E1EB1D27200ACECC7 /* MatchModel.swift in Sources */,
				9A21C3131E939F4700C4C3E6 /* BaseTabBarController.swift in Sources */,
				9AB7854F1E1100B000623CDA /* BaseViewController.swift in Sources */,
				9A17243C1E1264D000B3766E /* MyNavViewController.swift in Sources */,
				9A1724421E12790700B3766E /* HomeModel.swift in Sources */,
				9AFF517E1E0BB59100D6D285 /* AppDelegate.swift in Sources */,
				9A0701A21EA5F6FC000375A9 /* Dog.xcdatamodeld in Sources */,
				9A162EE71EAF44A9002FE2DA /* SwipViewController.swift in Sources */,
				9A0701AA1EA5FC23000375A9 /* CoreDataHelp.swift in Sources */,
				9A4CF57E1EB0333D00ECBDFE /* SideViewController.swift in Sources */,
				9AB785491E10F44400623CDA /* URLManger.swift in Sources */,
				9A4CF5801EB04AF300ECBDFE /* MatchHeaderView.swift in Sources */,
				9A10F8511E9B2D5A00F69777 /* LoginView.swift in Sources */,
				9AAC36F91E9770D800867F2A /* RightViewController.swift in Sources */,
				9AAC36F71E9770CD00867F2A /* CenterViewController.swift in Sources */,
				9AB7854C1E10F7B700623CDA /* HomeApi.swift in Sources */,
				9A21C3151E93A28500C4C3E6 /* MyCustomScrollerView.swift in Sources */,
				9A10F8551E9B74BD00F69777 /* DetailViewController.swift in Sources */,
				9A10F8531E9B651400F69777 /* AnimationView.swift in Sources */,
				9A21C3191E93B2DD00C4C3E6 /* BaseTableViewCell.swift in Sources */,
				9A86649E1EA8A4D800D618BB /* BaseTableViewController.swift in Sources */,
				9AB785541E1102D400623CDA /* SessionViewController.swift in Sources */,
				9A21C3111E939E8B00C4C3E6 /* InfoMationViewController.swift in Sources */,
				9A1724401E1275B200B3766E /* BaseModel.swift in Sources */,
				9AB785521E1102C400623CDA /* HomeViewController.swift in Sources */,
				9A8664A01EA8B89100D618BB /* MyRefreshView.swift in Sources */,
				9AAC36F51E9770BF00867F2A /* LeftViewController.swift in Sources */,
			);
			runOnlyForDeploymentPostprocessing = 0;
		};
/* End PBXSourcesBuildPhase section */

/* Begin PBXVariantGroup section */
		9AFF51811E0BB59100D6D285 /* Main.storyboard */ = {
			isa = PBXVariantGroup;
			children = (
				9AFF51821E0BB59100D6D285 /* Base */,
			);
			name = Main.storyboard;
			sourceTree = "<group>";
		};
		9AFF51861E0BB59100D6D285 /* LaunchScreen.storyboard */ = {
			isa = PBXVariantGroup;
			children = (
				9AFF51871E0BB59100D6D285 /* Base */,
			);
			name = LaunchScreen.storyboard;
			sourceTree = "<group>";
		};
/* End PBXVariantGroup section */

/* Begin XCBuildConfiguration section */
		9AFF518A1E0BB59100D6D285 /* Debug */ = {
			isa = XCBuildConfiguration;
			buildSettings = {
				ALWAYS_SEARCH_USER_PATHS = NO;
				CLANG_ANALYZER_NONNULL = YES;
				CLANG_CXX_LANGUAGE_STANDARD = "gnu++0x";
				CLANG_CXX_LIBRARY = "libc++";
				CLANG_ENABLE_MODULES = YES;
				CLANG_ENABLE_OBJC_ARC = YES;
				CLANG_WARN_BOOL_CONVERSION = YES;
				CLANG_WARN_CONSTANT_CONVERSION = YES;
				CLANG_WARN_DIRECT_OBJC_ISA_USAGE = YES_ERROR;
				CLANG_WARN_DOCUMENTATION_COMMENTS = YES;
				CLANG_WARN_EMPTY_BODY = YES;
				CLANG_WARN_ENUM_CONVERSION = YES;
				CLANG_WARN_INFINITE_RECURSION = YES;
				CLANG_WARN_INT_CONVERSION = YES;
				CLANG_WARN_OBJC_ROOT_CLASS = YES_ERROR;
				CLANG_WARN_SUSPICIOUS_MOVES = YES;
				CLANG_WARN_UNREACHABLE_CODE = YES;
				CLANG_WARN__DUPLICATE_METHOD_MATCH = YES;
				"CODE_SIGN_IDENTITY[sdk=iphoneos*]" = "iPhone Developer";
				COPY_PHASE_STRIP = NO;
				DEBUG_INFORMATION_FORMAT = dwarf;
				ENABLE_STRICT_OBJC_MSGSEND = YES;
				ENABLE_TESTABILITY = YES;
				GCC_C_LANGUAGE_STANDARD = gnu99;
				GCC_DYNAMIC_NO_PIC = NO;
				GCC_NO_COMMON_BLOCKS = YES;
				GCC_OPTIMIZATION_LEVEL = 0;
				GCC_PREPROCESSOR_DEFINITIONS = (
					"DEBUG=1",
					"$(inherited)",
				);
				GCC_WARN_64_TO_32_BIT_CONVERSION = YES;
				GCC_WARN_ABOUT_RETURN_TYPE = YES_ERROR;
				GCC_WARN_UNDECLARED_SELECTOR = YES;
				GCC_WARN_UNINITIALIZED_AUTOS = YES_AGGRESSIVE;
				GCC_WARN_UNUSED_FUNCTION = YES;
				GCC_WARN_UNUSED_VARIABLE = YES;
				IPHONEOS_DEPLOYMENT_TARGET = 10.1;
				MTL_ENABLE_DEBUG_INFO = YES;
				ONLY_ACTIVE_ARCH = YES;
				SDKROOT = iphoneos;
				SWIFT_ACTIVE_COMPILATION_CONDITIONS = DEBUG;
				SWIFT_OPTIMIZATION_LEVEL = "-Onone";
				TARGETED_DEVICE_FAMILY = "1,2";
			};
			name = Debug;
		};
		9AFF518B1E0BB59100D6D285 /* Release */ = {
			isa = XCBuildConfiguration;
			buildSettings = {
				ALWAYS_SEARCH_USER_PATHS = NO;
				CLANG_ANALYZER_NONNULL = YES;
				CLANG_CXX_LANGUAGE_STANDARD = "gnu++0x";
				CLANG_CXX_LIBRARY = "libc++";
				CLANG_ENABLE_MODULES = YES;
				CLANG_ENABLE_OBJC_ARC = YES;
				CLANG_WARN_BOOL_CONVERSION = YES;
				CLANG_WARN_CONSTANT_CONVERSION = YES;
				CLANG_WARN_DIRECT_OBJC_ISA_USAGE = YES_ERROR;
				CLANG_WARN_DOCUMENTATION_COMMENTS = YES;
				CLANG_WARN_EMPTY_BODY = YES;
				CLANG_WARN_ENUM_CONVERSION = YES;
				CLANG_WARN_INFINITE_RECURSION = YES;
				CLANG_WARN_INT_CONVERSION = YES;
				CLANG_WARN_OBJC_ROOT_CLASS = YES_ERROR;
				CLANG_WARN_SUSPICIOUS_MOVES = YES;
				CLANG_WARN_UNREACHABLE_CODE = YES;
				CLANG_WARN__DUPLICATE_METHOD_MATCH = YES;
				"CODE_SIGN_IDENTITY[sdk=iphoneos*]" = "iPhone Developer";
				COPY_PHASE_STRIP = NO;
				DEBUG_INFORMATION_FORMAT = "dwarf-with-dsym";
				ENABLE_NS_ASSERTIONS = NO;
				ENABLE_STRICT_OBJC_MSGSEND = YES;
				GCC_C_LANGUAGE_STANDARD = gnu99;
				GCC_NO_COMMON_BLOCKS = YES;
				GCC_WARN_64_TO_32_BIT_CONVERSION = YES;
				GCC_WARN_ABOUT_RETURN_TYPE = YES_ERROR;
				GCC_WARN_UNDECLARED_SELECTOR = YES;
				GCC_WARN_UNINITIALIZED_AUTOS = YES_AGGRESSIVE;
				GCC_WARN_UNUSED_FUNCTION = YES;
				GCC_WARN_UNUSED_VARIABLE = YES;
				IPHONEOS_DEPLOYMENT_TARGET = 10.1;
				MTL_ENABLE_DEBUG_INFO = NO;
				SDKROOT = iphoneos;
				SWIFT_OPTIMIZATION_LEVEL = "-Owholemodule";
				TARGETED_DEVICE_FAMILY = "1,2";
				VALIDATE_PRODUCT = YES;
			};
			name = Release;
		};
		9AFF518D1E0BB59100D6D285 /* Debug */ = {
			isa = XCBuildConfiguration;
			baseConfigurationReference = 6FC2CB830AAC72CE31184294 /* Pods-Swift-Taida.debug.xcconfig */;
			buildSettings = {
				ASSETCATALOG_COMPILER_APPICON_NAME = AppIcon;
				ASSETCATALOG_COMPILER_LAUNCHIMAGE_NAME = LaunchImage;
				DEVELOPMENT_TEAM = KDWLXRW984;
				GCC_PRECOMPILE_PREFIX_HEADER = NO;
				GCC_PREFIX_HEADER = "$(SRCROOT)/Swift-Taida/PrefixHeader.pch";
				INFOPLIST_FILE = "Swift-Taida/Info.plist";
				LD_RUNPATH_SEARCH_PATHS = "$(inherited) @executable_path/Frameworks";
				PRODUCT_BUNDLE_IDENTIFIER = "xvbobo.Swift-Taida";
				PRODUCT_NAME = "$(TARGET_NAME)";
				SWIFT_VERSION = 3.0;
			};
			name = Debug;
		};
		9AFF518E1E0BB59100D6D285 /* Release */ = {
			isa = XCBuildConfiguration;
			baseConfigurationReference = 051D0C976110CDEFF8FAA436 /* Pods-Swift-Taida.release.xcconfig */;
			buildSettings = {
				ASSETCATALOG_COMPILER_APPICON_NAME = AppIcon;
				ASSETCATALOG_COMPILER_LAUNCHIMAGE_NAME = LaunchImage;
				DEVELOPMENT_TEAM = KDWLXRW984;
				GCC_PRECOMPILE_PREFIX_HEADER = NO;
				GCC_PREFIX_HEADER = "$(SRCROOT)/Swift-Taida/PrefixHeader.pch";
				INFOPLIST_FILE = "Swift-Taida/Info.plist";
				LD_RUNPATH_SEARCH_PATHS = "$(inherited) @executable_path/Frameworks";
				PRODUCT_BUNDLE_IDENTIFIER = "xvbobo.Swift-Taida";
				PRODUCT_NAME = "$(TARGET_NAME)";
				SWIFT_VERSION = 3.0;
			};
			name = Release;
		};
/* End XCBuildConfiguration section */

/* Begin XCConfigurationList section */
		9AFF51751E0BB59100D6D285 /* Build configuration list for PBXProject "Swift-Taida" */ = {
			isa = XCConfigurationList;
			buildConfigurations = (
				9AFF518A1E0BB59100D6D285 /* Debug */,
				9AFF518B1E0BB59100D6D285 /* Release */,
			);
			defaultConfigurationIsVisible = 0;
			defaultConfigurationName = Release;
		};
		9AFF518C1E0BB59100D6D285 /* Build configuration list for PBXNativeTarget "Swift-Taida" */ = {
			isa = XCConfigurationList;
			buildConfigurations = (
				9AFF518D1E0BB59100D6D285 /* Debug */,
				9AFF518E1E0BB59100D6D285 /* Release */,
			);
			defaultConfigurationIsVisible = 0;
			defaultConfigurationName = Release;
		};
/* End XCConfigurationList section */

/* Begin XCVersionGroup section */
		9A0701A01EA5F6FC000375A9 /* Dog.xcdatamodeld */ = {
			isa = XCVersionGroup;
			children = (
				9A0701A11EA5F6FC000375A9 /* Dog.xcdatamodel */,
			);
			currentVersion = 9A0701A11EA5F6FC000375A9 /* Dog.xcdatamodel */;
			path = Dog.xcdatamodeld;
			sourceTree = "<group>";
			versionGroupType = wrapper.xcdatamodel;
		};
/* End XCVersionGroup section */
	};
	rootObject = 9AFF51721E0BB59100D6D285 /* Project object */;
}
